// !$*UTF8*$!
{
	archiveVersion = 1;
	classes = {
	};
	objectVersion = 55;
	objects = {

/* Begin PBXBuildFile section */
		7407AD0027D9253B009D4D38 /* MapViewModel.swift in Sources */ = {isa = PBXBuildFile; fileRef = 7407ACFF27D9253B009D4D38 /* MapViewModel.swift */; };
		7407AD0227D92AA3009D4D38 /* AppColor.swift in Sources */ = {isa = PBXBuildFile; fileRef = 7407AD0127D92AA3009D4D38 /* AppColor.swift */; };
		7407AD0427D92CF1009D4D38 /* NetworkManager.swift in Sources */ = {isa = PBXBuildFile; fileRef = 7407AD0327D92CF1009D4D38 /* NetworkManager.swift */; };
		748C72BC27D940080052C5E3 /* Constants.swift in Sources */ = {isa = PBXBuildFile; fileRef = 748C72BB27D940080052C5E3 /* Constants.swift */; };
		748C72BE27D945780052C5E3 /* Weather.swift in Sources */ = {isa = PBXBuildFile; fileRef = 748C72BD27D945780052C5E3 /* Weather.swift */; };
		748C72C027D945AD0052C5E3 /* Units.swift in Sources */ = {isa = PBXBuildFile; fileRef = 748C72BF27D945AD0052C5E3 /* Units.swift */; };
		74906AE827D38822003A8213 /* WAppApp.swift in Sources */ = {isa = PBXBuildFile; fileRef = 74906AE727D38822003A8213 /* WAppApp.swift */; };
		74906AEA27D38822003A8213 /* MapView.swift in Sources */ = {isa = PBXBuildFile; fileRef = 74906AE927D38822003A8213 /* MapView.swift */; };
		74906AEC27D38822003A8213 /* Assets.xcassets in Resources */ = {isa = PBXBuildFile; fileRef = 74906AEB27D38822003A8213 /* Assets.xcassets */; };
		74906AEF27D38822003A8213 /* Preview Assets.xcassets in Resources */ = {isa = PBXBuildFile; fileRef = 74906AEE27D38822003A8213 /* Preview Assets.xcassets */; };
/* End PBXBuildFile section */

/* Begin PBXFileReference section */
		7407ACFF27D9253B009D4D38 /* MapViewModel.swift */ = {isa = PBXFileReference; lastKnownFileType = sourcecode.swift; path = MapViewModel.swift; sourceTree = "<group>"; };
		7407AD0127D92AA3009D4D38 /* AppColor.swift */ = {isa = PBXFileReference; lastKnownFileType = sourcecode.swift; path = AppColor.swift; sourceTree = "<group>"; };
		7407AD0327D92CF1009D4D38 /* NetworkManager.swift */ = {isa = PBXFileReference; lastKnownFileType = sourcecode.swift; path = NetworkManager.swift; sourceTree = "<group>"; };
		748C72BB27D940080052C5E3 /* Constants.swift */ = {isa = PBXFileReference; lastKnownFileType = sourcecode.swift; path = Constants.swift; sourceTree = "<group>"; };
		748C72BD27D945780052C5E3 /* Weather.swift */ = {isa = PBXFileReference; lastKnownFileType = sourcecode.swift; path = Weather.swift; sourceTree = "<group>"; };
		748C72BF27D945AD0052C5E3 /* Units.swift */ = {isa = PBXFileReference; lastKnownFileType = sourcecode.swift; path = Units.swift; sourceTree = "<group>"; };
		74906AE427D38822003A8213 /* WApp.app */ = {isa = PBXFileReference; explicitFileType = wrapper.application; includeInIndex = 0; path = WApp.app; sourceTree = BUILT_PRODUCTS_DIR; };
		74906AE727D38822003A8213 /* WAppApp.swift */ = {isa = PBXFileReference; lastKnownFileType = sourcecode.swift; path = WAppApp.swift; sourceTree = "<group>"; };
		74906AE927D38822003A8213 /* MapView.swift */ = {isa = PBXFileReference; lastKnownFileType = sourcecode.swift; path = MapView.swift; sourceTree = "<group>"; };
		74906AEB27D38822003A8213 /* Assets.xcassets */ = {isa = PBXFileReference; lastKnownFileType = folder.assetcatalog; path = Assets.xcassets; sourceTree = "<group>"; };
		74906AEE27D38822003A8213 /* Preview Assets.xcassets */ = {isa = PBXFileReference; lastKnownFileType = folder.assetcatalog; path = "Preview Assets.xcassets"; sourceTree = "<group>"; };
/* End PBXFileReference section */

/* Begin PBXFrameworksBuildPhase section */
		74906AE127D38822003A8213 /* Frameworks */ = {
			isa = PBXFrameworksBuildPhase;
			buildActionMask = 2147483647;
			files = (
			);
			runOnlyForDeploymentPostprocessing = 0;
		};
/* End PBXFrameworksBuildPhase section */

/* Begin PBXGroup section */
		748C72C127D947610052C5E3 /* Model */ = {
			isa = PBXGroup;
			children = (
				748C72BD27D945780052C5E3 /* Weather.swift */,
			);
			path = Model;
			sourceTree = "<group>";
		};
		748C72C227D947860052C5E3 /* Managers */ = {
			isa = PBXGroup;
			children = (
				7407AD0327D92CF1009D4D38 /* NetworkManager.swift */,
			);
			path = Managers;
			sourceTree = "<group>";
		};
		748C72C327D947960052C5E3 /* Presentation */ = {
			isa = PBXGroup;
			children = (
				748C72C527D947A40052C5E3 /* Screens */,
			);
			path = Presentation;
			sourceTree = "<group>";
		};
		748C72C427D9479E0052C5E3 /* Map */ = {
			isa = PBXGroup;
			children = (
				74906AE927D38822003A8213 /* MapView.swift */,
				7407ACFF27D9253B009D4D38 /* MapViewModel.swift */,
			);
			path = Map;
			sourceTree = "<group>";
		};
		748C72C527D947A40052C5E3 /* Screens */ = {
			isa = PBXGroup;
			children = (
				748C72C427D9479E0052C5E3 /* Map */,
			);
			path = Screens;
			sourceTree = "<group>";
		};
		748C72C627D948490052C5E3 /* Utils */ = {
			isa = PBXGroup;
			children = (
				7407AD0127D92AA3009D4D38 /* AppColor.swift */,
				748C72BB27D940080052C5E3 /* Constants.swift */,
				748C72BF27D945AD0052C5E3 /* Units.swift */,
			);
			path = Utils;
			sourceTree = "<group>";
		};
		74906ADB27D38822003A8213 = {
			isa = PBXGroup;
			children = (
				74906AE627D38822003A8213 /* WApp */,
				74906AE527D38822003A8213 /* Products */,
			);
			sourceTree = "<group>";
		};
		74906AE527D38822003A8213 /* Products */ = {
			isa = PBXGroup;
			children = (
				74906AE427D38822003A8213 /* WApp.app */,
			);
			name = Products;
			sourceTree = "<group>";
		};
		74906AE627D38822003A8213 /* WApp */ = {
			isa = PBXGroup;
			children = (
				74906AE727D38822003A8213 /* WAppApp.swift */,
				748C72C627D948490052C5E3 /* Utils */,
				748C72C327D947960052C5E3 /* Presentation */,
				748C72C227D947860052C5E3 /* Managers */,
				748C72C127D947610052C5E3 /* Model */,
				74906AEB27D38822003A8213 /* Assets.xcassets */,
				74906AED27D38822003A8213 /* Preview Content */,
			);
			path = WApp;
			sourceTree = "<group>";
		};
		74906AED27D38822003A8213 /* Preview Content */ = {
			isa = PBXGroup;
			children = (
				74906AEE27D38822003A8213 /* Preview Assets.xcassets */,
			);
			path = "Preview Content";
			sourceTree = "<group>";
		};
/* End PBXGroup section */

/* Begin PBXNativeTarget section */
		74906AE327D38822003A8213 /* WApp */ = {
			isa = PBXNativeTarget;
			buildConfigurationList = 74906AF227D38822003A8213 /* Build configuration list for PBXNativeTarget "WApp" */;
			buildPhases = (
				74906AE027D38822003A8213 /* Sources */,
				74906AE127D38822003A8213 /* Frameworks */,
				74906AE227D38822003A8213 /* Resources */,
			);
			buildRules = (
			);
			dependencies = (
			);
			name = WApp;
			productName = WApp;
			productReference = 74906AE427D38822003A8213 /* WApp.app */;
			productType = "com.apple.product-type.application";
		};
/* End PBXNativeTarget section */

/* Begin PBXProject section */
		74906ADC27D38822003A8213 /* Project object */ = {
			isa = PBXProject;
			attributes = {
				BuildIndependentTargetsInParallel = 1;
				LastSwiftUpdateCheck = 1320;
				LastUpgradeCheck = 1320;
				TargetAttributes = {
					74906AE327D38822003A8213 = {
						CreatedOnToolsVersion = 13.2.1;
					};
				};
			};
			buildConfigurationList = 74906ADF27D38822003A8213 /* Build configuration list for PBXProject "WApp" */;
			compatibilityVersion = "Xcode 13.0";
			developmentRegion = en;
			hasScannedForEncodings = 0;
			knownRegions = (
				en,
				Base,
			);
			mainGroup = 74906ADB27D38822003A8213;
			productRefGroup = 74906AE527D38822003A8213 /* Products */;
			projectDirPath = "";
			projectRoot = "";
			targets = (
				74906AE327D38822003A8213 /* WApp */,
			);
		};
/* End PBXProject section */

/* Begin PBXResourcesBuildPhase section */
		74906AE227D38822003A8213 /* Resources */ = {
			isa = PBXResourcesBuildPhase;
			buildActionMask = 2147483647;
			files = (
				74906AEF27D38822003A8213 /* Preview Assets.xcassets in Resources */,
				74906AEC27D38822003A8213 /* Assets.xcassets in Resources */,
			);
			runOnlyForDeploymentPostprocessing = 0;
		};
/* End PBXResourcesBuildPhase section */

/* Begin PBXSourcesBuildPhase section */
		74906AE027D38822003A8213 /* Sources */ = {
			isa = PBXSourcesBuildPhase;
			buildActionMask = 2147483647;
			files = (
				74906AEA27D38822003A8213 /* MapView.swift in Sources */,
				748C72C027D945AD0052C5E3 /* Units.swift in Sources */,
				7407AD0227D92AA3009D4D38 /* AppColor.swift in Sources */,
				7407AD0427D92CF1009D4D38 /* NetworkManager.swift in Sources */,
				74906AE827D38822003A8213 /* WAppApp.swift in Sources */,
				7407AD0027D9253B009D4D38 /* MapViewModel.swift in Sources */,
				748C72BC27D940080052C5E3 /* Constants.swift in Sources */,
				748C72BE27D945780052C5E3 /* Weather.swift in Sources */,
			);
			runOnlyForDeploymentPostprocessing = 0;
		};
/* End PBXSourcesBuildPhase section */

/* Begin XCBuildConfiguration section */
		74906AF027D38822003A8213 /* Debug */ = {
			isa = XCBuildConfiguration;
			buildSettings = {
				ALWAYS_SEARCH_USER_PATHS = NO;
				CLANG_ANALYZER_NONNULL = YES;
				CLANG_ANALYZER_NUMBER_OBJECT_CONVERSION = YES_AGGRESSIVE;
				CLANG_CXX_LANGUAGE_STANDARD = "gnu++17";
				CLANG_CXX_LIBRARY = "libc++";
				CLANG_ENABLE_MODULES = YES;
				CLANG_ENABLE_OBJC_ARC = YES;
				CLANG_ENABLE_OBJC_WEAK = YES;
				CLANG_WARN_BLOCK_CAPTURE_AUTORELEASING = YES;
				CLANG_WARN_BOOL_CONVERSION = YES;
				CLANG_WARN_COMMA = YES;
				CLANG_WARN_CONSTANT_CONVERSION = YES;
				CLANG_WARN_DEPRECATED_OBJC_IMPLEMENTATIONS = YES;
				CLANG_WARN_DIRECT_OBJC_ISA_USAGE = YES_ERROR;
				CLANG_WARN_DOCUMENTATION_COMMENTS = YES;
				CLANG_WARN_EMPTY_BODY = YES;
				CLANG_WARN_ENUM_CONVERSION = YES;
				CLANG_WARN_INFINITE_RECURSION = YES;
				CLANG_WARN_INT_CONVERSION = YES;
				CLANG_WARN_NON_LITERAL_NULL_CONVERSION = YES;
				CLANG_WARN_OBJC_IMPLICIT_RETAIN_SELF = YES;
				CLANG_WARN_OBJC_LITERAL_CONVERSION = YES;
				CLANG_WARN_OBJC_ROOT_CLASS = YES_ERROR;
				CLANG_WARN_QUOTED_INCLUDE_IN_FRAMEWORK_HEADER = YES;
				CLANG_WARN_RANGE_LOOP_ANALYSIS = YES;
				CLANG_WARN_STRICT_PROTOTYPES = YES;
				CLANG_WARN_SUSPICIOUS_MOVE = YES;
				CLANG_WARN_UNGUARDED_AVAILABILITY = YES_AGGRESSIVE;
				CLANG_WARN_UNREACHABLE_CODE = YES;
				CLANG_WARN__DUPLICATE_METHOD_MATCH = YES;
				COPY_PHASE_STRIP = NO;
				DEBUG_INFORMATION_FORMAT = dwarf;
				ENABLE_STRICT_OBJC_MSGSEND = YES;
				ENABLE_TESTABILITY = YES;
				GCC_C_LANGUAGE_STANDARD = gnu11;
				GCC_DYNAMIC_NO_PIC = NO;
				GCC_NO_COMMON_BLOCKS = YES;
				GCC_OPTIMIZATION_LEVEL = 0;
				GCC_PREPROCESSOR_DEFINITIONS = (
					"DEBUG=1",
					"$(inherited)",
				);
				GCC_WARN_64_TO_32_BIT_CONVERSION = YES;
				GCC_WARN_ABOUT_RETURN_TYPE = YES_ERROR;
				GCC_WARN_UNDECLARED_SELECTOR = YES;
				GCC_WARN_UNINITIALIZED_AUTOS = YES_AGGRESSIVE;
				GCC_WARN_UNUSED_FUNCTION = YES;
				GCC_WARN_UNUSED_VARIABLE = YES;
				IPHONEOS_DEPLOYMENT_TARGET = 15.2;
				MTL_ENABLE_DEBUG_INFO = INCLUDE_SOURCE;
				MTL_FAST_MATH = YES;
				ONLY_ACTIVE_ARCH = YES;
				SDKROOT = iphoneos;
				SWIFT_ACTIVE_COMPILATION_CONDITIONS = DEBUG;
				SWIFT_OPTIMIZATION_LEVEL = "-Onone";
			};
			name = Debug;
		};
		74906AF127D38822003A8213 /* Release */ = {
			isa = XCBuildConfiguration;
			buildSettings = {
				ALWAYS_SEARCH_USER_PATHS = NO;
				CLANG_ANALYZER_NONNULL = YES;
				CLANG_ANALYZER_NUMBER_OBJECT_CONVERSION = YES_AGGRESSIVE;
				CLANG_CXX_LANGUAGE_STANDARD = "gnu++17";
				CLANG_CXX_LIBRARY = "libc++";
				CLANG_ENABLE_MODULES = YES;
				CLANG_ENABLE_OBJC_ARC = YES;
				CLANG_ENABLE_OBJC_WEAK = YES;
				CLANG_WARN_BLOCK_CAPTURE_AUTORELEASING = YES;
				CLANG_WARN_BOOL_CONVERSION = YES;
				CLANG_WARN_COMMA = YES;
				CLANG_WARN_CONSTANT_CONVERSION = YES;
				CLANG_WARN_DEPRECATED_OBJC_IMPLEMENTATIONS = YES;
				CLANG_WARN_DIRECT_OBJC_ISA_USAGE = YES_ERROR;
				CLANG_WARN_DOCUMENTATION_COMMENTS = YES;
				CLANG_WARN_EMPTY_BODY = YES;
				CLANG_WARN_ENUM_CONVERSION = YES;
				CLANG_WARN_INFINITE_RECURSION = YES;
				CLANG_WARN_INT_CONVERSION = YES;
				CLANG_WARN_NON_LITERAL_NULL_CONVERSION = YES;
				CLANG_WARN_OBJC_IMPLICIT_RETAIN_SELF = YES;
				CLANG_WARN_OBJC_LITERAL_CONVERSION = YES;
				CLANG_WARN_OBJC_ROOT_CLASS = YES_ERROR;
				CLANG_WARN_QUOTED_INCLUDE_IN_FRAMEWORK_HEADER = YES;
				CLANG_WARN_RANGE_LOOP_ANALYSIS = YES;
				CLANG_WARN_STRICT_PROTOTYPES = YES;
				CLANG_WARN_SUSPICIOUS_MOVE = YES;
				CLANG_WARN_UNGUARDED_AVAILABILITY = YES_AGGRESSIVE;
				CLANG_WARN_UNREACHABLE_CODE = YES;
				CLANG_WARN__DUPLICATE_METHOD_MATCH = YES;
				COPY_PHASE_STRIP = NO;
				DEBUG_INFORMATION_FORMAT = "dwarf-with-dsym";
				ENABLE_NS_ASSERTIONS = NO;
				ENABLE_STRICT_OBJC_MSGSEND = YES;
				GCC_C_LANGUAGE_STANDARD = gnu11;
				GCC_NO_COMMON_BLOCKS = YES;
				GCC_WARN_64_TO_32_BIT_CONVERSION = YES;
				GCC_WARN_ABOUT_RETURN_TYPE = YES_ERROR;
				GCC_WARN_UNDECLARED_SELECTOR = YES;
				GCC_WARN_UNINITIALIZED_AUTOS = YES_AGGRESSIVE;
				GCC_WARN_UNUSED_FUNCTION = YES;
				GCC_WARN_UNUSED_VARIABLE = YES;
				IPHONEOS_DEPLOYMENT_TARGET = 15.2;
				MTL_ENABLE_DEBUG_INFO = NO;
				MTL_FAST_MATH = YES;
				SDKROOT = iphoneos;
				SWIFT_COMPILATION_MODE = wholemodule;
				SWIFT_OPTIMIZATION_LEVEL = "-O";
				VALIDATE_PRODUCT = YES;
			};
			name = Release;
		};
		74906AF327D38822003A8213 /* Debug */ = {
			isa = XCBuildConfiguration;
			buildSettings = {
				ASSETCATALOG_COMPILER_APPICON_NAME = AppIcon;
				ASSETCATALOG_COMPILER_GLOBAL_ACCENT_COLOR_NAME = AccentColor;
				CODE_SIGN_STYLE = Automatic;
				CURRENT_PROJECT_VERSION = 1;
				DEVELOPMENT_ASSET_PATHS = "\"WApp/Preview Content\"";
				ENABLE_PREVIEWS = YES;
				GENERATE_INFOPLIST_FILE = YES;
				INFOPLIST_KEY_UIApplicationSceneManifest_Generation = YES;
				INFOPLIST_KEY_UIApplicationSupportsIndirectInputEvents = YES;
				INFOPLIST_KEY_UILaunchScreen_Generation = YES;
				INFOPLIST_KEY_UISupportedInterfaceOrientations_iPad = "UIInterfaceOrientationPortrait UIInterfaceOrientationPortraitUpsideDown UIInterfaceOrientationLandscapeLeft UIInterfaceOrientationLandscapeRight";
				INFOPLIST_KEY_UISupportedInterfaceOrientations_iPhone = "UIInterfaceOrientationPortrait UIInterfaceOrientationLandscapeLeft UIInterfaceOrientationLandscapeRight";
				INFOPLIST_KEY_UIUserInterfaceStyle = Dark;
				LD_RUNPATH_SEARCH_PATHS = (
					"$(inherited)",
					"@executable_path/Frameworks",
				);
				MARKETING_VERSION = 1.0;
				PRODUCT_BUNDLE_IDENTIFIER = oio.WApp;
				PRODUCT_NAME = "$(TARGET_NAME)";
				SWIFT_EMIT_LOC_STRINGS = YES;
				SWIFT_VERSION = 5.0;
				TARGETED_DEVICE_FAMILY = "1,2";
			};
			name = Debug;
		};
		74906AF427D38822003A8213 /* Release */ = {
			isa = XCBuildConfiguration;
			buildSettings = {
				ASSETCATALOG_COMPILER_APPICON_NAME = AppIcon;
				ASSETCATALOG_COMPILER_GLOBAL_ACCENT_COLOR_NAME = AccentColor;
				CODE_SIGN_STYLE = Automatic;
				CURRENT_PROJECT_VERSION = 1;
				DEVELOPMENT_ASSET_PATHS = "\"WApp/Preview Content\"";
				ENABLE_PREVIEWS = YES;
				GENERATE_INFOPLIST_FILE = YES;
				INFOPLIST_KEY_UIApplicationSceneManifest_Generation = YES;
				INFOPLIST_KEY_UIApplicationSupportsIndirectInputEvents = YES;
				INFOPLIST_KEY_UILaunchScreen_Generation = YES;
				INFOPLIST_KEY_UISupportedInterfaceOrientations_iPad = "UIInterfaceOrientationPortrait UIInterfaceOrientationPortraitUpsideDown UIInterfaceOrientationLandscapeLeft UIInterfaceOrientationLandscapeRight";
				INFOPLIST_KEY_UISupportedInterfaceOrientations_iPhone = "UIInterfaceOrientationPortrait UIInterfaceOrientationLandscapeLeft UIInterfaceOrientationLandscapeRight";
				INFOPLIST_KEY_UIUserInterfaceStyle = Dark;
				LD_RUNPATH_SEARCH_PATHS = (
					"$(inherited)",
					"@executable_path/Frameworks",
				);
				MARKETING_VERSION = 1.0;
				PRODUCT_BUNDLE_IDENTIFIER = oio.WApp;
				PRODUCT_NAME = "$(TARGET_NAME)";
				SWIFT_EMIT_LOC_STRINGS = YES;
				SWIFT_VERSION = 5.0;
				TARGETED_DEVICE_FAMILY = "1,2";
			};
			name = Release;
		};
/* End XCBuildConfiguration section */

/* Begin XCConfigurationList section */
		74906ADF27D38822003A8213 /* Build configuration list for PBXProject "WApp" */ = {
			isa = XCConfigurationList;
			buildConfigurations = (
				74906AF027D38822003A8213 /* Debug */,
				74906AF127D38822003A8213 /* Release */,
			);
			defaultConfigurationIsVisible = 0;
			defaultConfigurationName = Release;
		};
		74906AF227D38822003A8213 /* Build configuration list for PBXNativeTarget "WApp" */ = {
			isa = XCConfigurationList;
			buildConfigurations = (
				74906AF327D38822003A8213 /* Debug */,
				74906AF427D38822003A8213 /* Release */,
			);
			defaultConfigurationIsVisible = 0;
			defaultConfigurationName = Release;
		};
/* End XCConfigurationList section */
	};
	rootObject = 74906ADC27D38822003A8213 /* Project object */;
}
